
Microsoft Visual Studio Solution File, Format Version 12.00
# Visual Studio 2013
VisualStudioVersion = 12.0.31101.0
MinimumVisualStudioVersion = 10.0.40219.1
Project("{2150E333-8FDC-42A3-9474-1A3956D46DE8}") = "01 - Hosting", "01 - Hosting", "{F28E1741-BA2C-491B-96B3-BBA8F56C4030}"
EndProject
Project("{FAE04EC0-301F-11D3-BF4B-00C04F79EFBC}") = "NSB01BuiltinHost", "NSB01BuiltinHost\NSB01BuiltinHost.csproj", "{72C615C5-4FC9-4629-96D9-142EBEDB6C84}"
EndProject
Project("{FAE04EC0-301F-11D3-BF4B-00C04F79EFBC}") = "NSB01SelfHost", "NSB01SelfHost\NSB01SelfHost.csproj", "{428686FA-902D-4266-B450-9A202D0C002E}"
EndProject
Project("{2150E333-8FDC-42A3-9474-1A3956D46DE8}") = "02 - Pipeline", "02 - Pipeline", "{F527C872-334D-48F5-92BA-D0B5697B4A9A}"
EndProject
Project("{FAE04EC0-301F-11D3-BF4B-00C04F79EFBC}") = "NSB02Pipeline", "NSB02Pipeline\NSB02Pipeline.csproj", "{15822CA9-7384-4121-9AA8-FBC9DD54D701}"
EndProject
Project("{2150E333-8FDC-42A3-9474-1A3956D46DE8}") = "03 - Features", "03 - Features", "{E0A80117-33DE-4DCC-A9D5-4B8657AA81B8}"
EndProject
Project("{FAE04EC0-301F-11D3-BF4B-00C04F79EFBC}") = "NSB03Features", "NSB03Features\NSB03Features.csproj", "{4EA6C3E8-89F3-4054-8A50-93E48A88FF12}"
EndProject
Project("{2150E333-8FDC-42A3-9474-1A3956D46DE8}") = "04 - RavenDB", "04 - RavenDB", "{85755665-1EE2-42E2-A692-78680149E81D}"
EndProject
Project("{FAE04EC0-301F-11D3-BF4B-00C04F79EFBC}") = "NSB04RavenDB", "NSB04RavenDB\NSB04RavenDB.csproj", "{88D31EE3-F61B-4EFE-908C-E8DCF2802F8D}"
EndProject
Project("{2150E333-8FDC-42A3-9474-1A3956D46DE8}") = "05 - DataBus", "05 - DataBus", "{6E48D74C-C4F1-4EE3-B6B6-EDF4CA7CE799}"
EndProject
Project("{FAE04EC0-301F-11D3-BF4B-00C04F79EFBC}") = "NSB05DataBus", "NSB05DataBus\NSB05DataBus.csproj", "{1CAE7953-7982-4A3D-8D4A-3A8254EFC8AC}"
EndProject
Project("{2150E333-8FDC-42A3-9474-1A3956D46DE8}") = "06 - Retries", "06 - Retries", "{ADC19BA8-1C26-4AC0-B9AE-C4366A3B072D}"
EndProject
Project("{FAE04EC0-301F-11D3-BF4B-00C04F79EFBC}") = "NSB06Retries.Sender", "NSB06Retries.Sender\NSB06Retries.Sender.csproj", "{8CAF863C-0A82-4370-BBD1-817AB693971A}"
EndProject
Project("{FAE04EC0-301F-11D3-BF4B-00C04F79EFBC}") = "NSB06Retries.Receiver", "NSB06Retries.Receiver\NSB06Retries.Receiver.csproj", "{53A366F3-7C3E-4F86-B0C1-7A040D65DB14}"
EndProject
Project("{FAE04EC0-301F-11D3-BF4B-00C04F79EFBC}") = "NSB06Retries.Messages", "NSB06Retries.Messages\NSB06Retries.Messages.csproj", "{E3E94F75-A9B0-4ABE-B395-5F93B0F79A0A}"
EndProject
Project("{2150E333-8FDC-42A3-9474-1A3956D46DE8}") = "07 - Testing", "07 - Testing", "{C19D84C2-5E0A-4891-9198-73BC4CA24D35}"
EndProject
Project("{FAE04EC0-301F-11D3-BF4B-00C04F79EFBC}") = "NSB07Testing", "NSB07Testing\NSB07Testing.csproj", "{12C611F3-EEB1-40BF-8021-DE8BA4F5F44A}"
EndProject
Project("{FAE04EC0-301F-11D3-BF4B-00C04F79EFBC}") = "NSB07Testing.Tests", "NSB07Testing.Tests\NSB07Testing.Tests.csproj", "{CD5C3080-6A46-43B9-8258-169D7BE4556B}"
EndProject
Project("{2150E333-8FDC-42A3-9474-1A3956D46DE8}") = "08 - MultipleSagas ReplyToOriginator", "08 - MultipleSagas ReplyToOriginator", "{DC47AAC9-0422-4D43-84FF-C541BBBAD2AD}"
EndProject
Project("{FAE04EC0-301F-11D3-BF4B-00C04F79EFBC}") = "NSB08MultipleSagas.OrderManager", "NSB08MultipleSagas.OrderManager\NSB08MultipleSagas.OrderManager.csproj", "{42CE373F-62B0-4695-8211-23AAE81B142C}"
EndProject
Project("{FAE04EC0-301F-11D3-BF4B-00C04F79EFBC}") = "NSB08MultipleSagas.DeliveryManager", "NSB08MultipleSagas.DeliveryManager\NSB08MultipleSagas.DeliveryManager.csproj", "{819B7CC9-9E26-4D2C-9838-556193BEF3D4}"
EndProject
Project("{FAE04EC0-301F-11D3-BF4B-00C04F79EFBC}") = "NSB08MultipleSagas.OrderFrontEnd", "NSB08MultipleSagas.OrderFrontEnd\NSB08MultipleSagas.OrderFrontEnd.csproj", "{7F0B47AC-0963-4E3F-BA7A-D965BF6443FE}"
EndProject
Project("{2150E333-8FDC-42A3-9474-1A3956D46DE8}") = "Messages", "Messages", "{356BA376-F389-4A14-871F-2C78B637D613}"
EndProject
Project("{FAE04EC0-301F-11D3-BF4B-00C04F79EFBC}") = "NSB08MultipleSagas.Messages", "NSB08MultipleSagas.Messages\NSB08MultipleSagas.Messages.csproj", "{29D0B45F-DA05-4CE1-9912-998744498B75}"
EndProject
Project("{FAE04EC0-301F-11D3-BF4B-00C04F79EFBC}") = "NSB08MultipleSagas.PaymentGateway", "NSB08MultipleSagas.PaymentGateway\NSB08MultipleSagas.PaymentGateway.csproj", "{353F34EF-BB4C-4591-8D82-749F5226A6CF}"
EndProject
Project("{2150E333-8FDC-42A3-9474-1A3956D46DE8}") = "09 - CustomChecks", "09 - CustomChecks", "{E8BFAEC8-CF83-429F-A54C-5DEDFE0A9107}"
EndProject
Project("{FAE04EC0-301F-11D3-BF4B-00C04F79EFBC}") = "NSB09CustomChecks", "NSB09CustomChecks\NSB09CustomChecks.csproj", "{477CEA3F-2B75-4742-B83C-957FE646CECF}"
EndProject
Project("{2150E333-8FDC-42A3-9474-1A3956D46DE8}") = "10 - Asp.Net Injection", "10 - Asp.Net Injection", "{9F6E15FE-49F1-4EEC-8976-B8E1B068B7D6}"
EndProject
Project("{FAE04EC0-301F-11D3-BF4B-00C04F79EFBC}") = "NSB10AspNetInjection", "NSB10AspNetInjection\NSB10AspNetInjection.csproj", "{50538A85-309A-4E36-BABC-E63FEE0F2684}"
EndProject
Project("{2150E333-8FDC-42A3-9474-1A3956D46DE8}") = "11 - Publish in case of exception", "11 - Publish in case of exception", "{57DF5D66-5BED-4995-938E-09A9F9753B75}"
EndProject
Project("{FAE04EC0-301F-11D3-BF4B-00C04F79EFBC}") = "NSB11PublishIfException", "NSB11PublishIfException\NSB11PublishIfException.csproj", "{3989A41E-2B4E-4B75-95CD-ACA7D33717B1}"
EndProject
Project("{2150E333-8FDC-42A3-9474-1A3956D46DE8}") = "12 - RequestResponse", "12 - RequestResponse", "{FC72D165-148A-4B99-A29C-F452D835355A}"
EndProject
Project("{2150E333-8FDC-42A3-9474-1A3956D46DE8}") = "13 - PubSub", "13 - PubSub", "{35989E0A-DBC1-4C3C-BE10-C60C1DA2F1A3}"
EndProject
Project("{2150E333-8FDC-42A3-9474-1A3956D46DE8}") = "14 - Sagas", "14 - Sagas", "{C1D022C1-AA7C-4076-BDA2-C2CF945BCF7C}"
	ProjectSection(SolutionItems) = preProject
		..\5 - Sagas.md = ..\5 - Sagas.md
	EndProjectSection
EndProject
Project("{FAE04EC0-301F-11D3-BF4B-00C04F79EFBC}") = "NSB12SampleMessages", "NSB12SampleMessages\NSB12SampleMessages.csproj", "{15F61E04-0917-428F-9BC4-162F47B0EA9B}"
EndProject
Project("{FAE04EC0-301F-11D3-BF4B-00C04F79EFBC}") = "NSB12SampleSender", "NSB12SampleSender\NSB12SampleSender.csproj", "{6022EFEB-9C9B-4F3A-91A0-E00BD3F28099}"
EndProject
Project("{FAE04EC0-301F-11D3-BF4B-00C04F79EFBC}") = "NSB12SampleReceiver", "NSB12SampleReceiver\NSB12SampleReceiver.csproj", "{D1EE5535-DDB3-4C05-9BDA-54D3BB8A6490}"
EndProject
Project("{FAE04EC0-301F-11D3-BF4B-00C04F79EFBC}") = "NSB13SampleMessages", "NSB13SampleMessages\NSB13SampleMessages.csproj", "{9AA70712-2C40-4F99-AB2E-41122D78070E}"
EndProject
Project("{FAE04EC0-301F-11D3-BF4B-00C04F79EFBC}") = "NSB13SamplePublisher", "NSB13SamplePublisher\NSB13SamplePublisher.csproj", "{8B904899-74EA-4FD9-A324-0EA5B76B21D0}"
EndProject
Project("{FAE04EC0-301F-11D3-BF4B-00C04F79EFBC}") = "NSB13SampleSubscriber", "NSB13SampleSubscriber\NSB13SampleSubscriber.csproj", "{1C9B0181-F682-4E28-BC2D-1A95623CC6C5}"
EndProject
Project("{FAE04EC0-301F-11D3-BF4B-00C04F79EFBC}") = "NSB14Common", "NSB14Common\NSB14Common.csproj", "{8FE3BA73-1A2D-4B2D-AEA3-405AD302F2EB}"
EndProject
Project("{FAE04EC0-301F-11D3-BF4B-00C04F79EFBC}") = "NSB14Customer", "NSB14Customer\NSB14Customer.csproj", "{9282339F-DC87-49AB-9B4A-10D9E0B38E78}"
EndProject
Project("{FAE04EC0-301F-11D3-BF4B-00C04F79EFBC}") = "NSB14Customer.Messages", "NSB14Customer.Messages\NSB14Customer.Messages.csproj", "{B0D166B9-5C36-4A3E-8B69-2D5B81E8C7CC}"
EndProject
Project("{FAE04EC0-301F-11D3-BF4B-00C04F79EFBC}") = "NSB14CustomerCare", "NSB14CustomerCare\NSB14CustomerCare.csproj", "{E3CEFD70-D8F3-4031-AA4A-CD8B9F8A1ADA}"
EndProject
Project("{FAE04EC0-301F-11D3-BF4B-00C04F79EFBC}") = "NSB14OrderManager", "NSB14OrderManager\NSB14OrderManager.csproj", "{7492A57F-C0B5-4B6E-A9CB-4A3BB3B7B80B}"
EndProject
Project("{FAE04EC0-301F-11D3-BF4B-00C04F79EFBC}") = "NSB14OrderManager.Messages", "NSB14OrderManager.Messages\NSB14OrderManager.Messages.csproj", "{D699E928-6D5C-46B3-9266-4FF39F2F7A6C}"
EndProject
Project("{FAE04EC0-301F-11D3-BF4B-00C04F79EFBC}") = "NSB14ShippingService", "NSB14ShippingService\NSB14ShippingService.csproj", "{B66A77F4-6178-49CA-81A5-A7973FE6245F}"
EndProject
Project("{FAE04EC0-301F-11D3-BF4B-00C04F79EFBC}") = "NSB14ShippingService.Messages", "NSB14ShippingService.Messages\NSB14ShippingService.Messages.csproj", "{0FD1F3F1-A249-420B-9C03-E158856E5042}"
EndProject
Project("{FAE04EC0-301F-11D3-BF4B-00C04F79EFBC}") = "NSB14WarehouseService", "NSB14WarehouseService\NSB14WarehouseService.csproj", "{36D9F7BF-6FA5-4C98-B997-4EDC7DD65564}"
EndProject
Project("{FAE04EC0-301F-11D3-BF4B-00C04F79EFBC}") = "NSB14WarehouseService.Messages", "NSB14WarehouseService.Messages\NSB14WarehouseService.Messages.csproj", "{A2BB8DCF-4FE0-4673-AB19-3FAC54CF728C}"
EndProject
Project("{2150E333-8FDC-42A3-9474-1A3956D46DE8}") = "Messages", "Messages", "{06F04FAE-2C13-41D5-B058-57974A20B6CE}"
EndProject
Project("{2150E333-8FDC-42A3-9474-1A3956D46DE8}") = "15 - CustomContainer", "15 - CustomContainer", "{FE2E5F6B-CE18-42B9-A822-1CF84782DE62}"
EndProject
Project("{FAE04EC0-301F-11D3-BF4B-00C04F79EFBC}") = "NSB15CustomContainer", "NSB15CustomContainer\NSB15CustomContainer.csproj", "{87A1F9CD-7AE0-4B73-BD6D-9475FC15794C}"
EndProject
Project("{2150E333-8FDC-42A3-9474-1A3956D46DE8}") = "16 - WcfHosting", "16 - WcfHosting", "{5B4D2C7C-CF4F-4E81-80B1-F2A79045A53E}"
EndProject
Project("{FAE04EC0-301F-11D3-BF4B-00C04F79EFBC}") = "NSB16WcfHosting", "NSB16WcfHosting\NSB16WcfHosting.csproj", "{F82C68DB-E009-4097-A8A5-3A303B421B68}"
EndProject
Project("{2150E333-8FDC-42A3-9474-1A3956D46DE8}") = "17 - WebAPI Injection", "17 - WebAPI Injection", "{9184DC48-C5AA-437D-8894-DEFB9FE4235C}"
EndProject
Project("{FAE04EC0-301F-11D3-BF4B-00C04F79EFBC}") = "NSB17WebApiInjection", "NSB17WebApiInjection\NSB17WebApiInjection.csproj", "{2F216A47-2008-410D-97DB-5BFC40104C9A}"
EndProject
Project("{2150E333-8FDC-42A3-9474-1A3956D46DE8}") = "NewFolder1", "NewFolder1", "{74EA5A00-7741-49F6-9EE2-C940C6DA53DB}"
EndProject
Global
	GlobalSection(SolutionConfigurationPlatforms) = preSolution
		Debug|Any CPU = Debug|Any CPU
		Release|Any CPU = Release|Any CPU
	EndGlobalSection
	GlobalSection(ProjectConfigurationPlatforms) = postSolution
		{72C615C5-4FC9-4629-96D9-142EBEDB6C84}.Debug|Any CPU.ActiveCfg = Debug|Any CPU
		{72C615C5-4FC9-4629-96D9-142EBEDB6C84}.Debug|Any CPU.Build.0 = Debug|Any CPU
		{72C615C5-4FC9-4629-96D9-142EBEDB6C84}.Release|Any CPU.ActiveCfg = Release|Any CPU
		{72C615C5-4FC9-4629-96D9-142EBEDB6C84}.Release|Any CPU.Build.0 = Release|Any CPU
		{428686FA-902D-4266-B450-9A202D0C002E}.Debug|Any CPU.ActiveCfg = Debug|Any CPU
		{428686FA-902D-4266-B450-9A202D0C002E}.Debug|Any CPU.Build.0 = Debug|Any CPU
		{428686FA-902D-4266-B450-9A202D0C002E}.Release|Any CPU.ActiveCfg = Release|Any CPU
		{428686FA-902D-4266-B450-9A202D0C002E}.Release|Any CPU.Build.0 = Release|Any CPU
		{15822CA9-7384-4121-9AA8-FBC9DD54D701}.Debug|Any CPU.ActiveCfg = Debug|Any CPU
		{15822CA9-7384-4121-9AA8-FBC9DD54D701}.Debug|Any CPU.Build.0 = Debug|Any CPU
		{15822CA9-7384-4121-9AA8-FBC9DD54D701}.Release|Any CPU.ActiveCfg = Release|Any CPU
		{15822CA9-7384-4121-9AA8-FBC9DD54D701}.Release|Any CPU.Build.0 = Release|Any CPU
		{4EA6C3E8-89F3-4054-8A50-93E48A88FF12}.Debug|Any CPU.ActiveCfg = Debug|Any CPU
		{4EA6C3E8-89F3-4054-8A50-93E48A88FF12}.Debug|Any CPU.Build.0 = Debug|Any CPU
		{4EA6C3E8-89F3-4054-8A50-93E48A88FF12}.Release|Any CPU.ActiveCfg = Release|Any CPU
		{4EA6C3E8-89F3-4054-8A50-93E48A88FF12}.Release|Any CPU.Build.0 = Release|Any CPU
		{88D31EE3-F61B-4EFE-908C-E8DCF2802F8D}.Debug|Any CPU.ActiveCfg = Debug|Any CPU
		{88D31EE3-F61B-4EFE-908C-E8DCF2802F8D}.Debug|Any CPU.Build.0 = Debug|Any CPU
		{88D31EE3-F61B-4EFE-908C-E8DCF2802F8D}.Release|Any CPU.ActiveCfg = Release|Any CPU
		{88D31EE3-F61B-4EFE-908C-E8DCF2802F8D}.Release|Any CPU.Build.0 = Release|Any CPU
		{1CAE7953-7982-4A3D-8D4A-3A8254EFC8AC}.Debug|Any CPU.ActiveCfg = Debug|Any CPU
		{1CAE7953-7982-4A3D-8D4A-3A8254EFC8AC}.Debug|Any CPU.Build.0 = Debug|Any CPU
		{1CAE7953-7982-4A3D-8D4A-3A8254EFC8AC}.Release|Any CPU.ActiveCfg = Release|Any CPU
		{1CAE7953-7982-4A3D-8D4A-3A8254EFC8AC}.Release|Any CPU.Build.0 = Release|Any CPU
		{8CAF863C-0A82-4370-BBD1-817AB693971A}.Debug|Any CPU.ActiveCfg = Debug|Any CPU
		{8CAF863C-0A82-4370-BBD1-817AB693971A}.Debug|Any CPU.Build.0 = Debug|Any CPU
		{8CAF863C-0A82-4370-BBD1-817AB693971A}.Release|Any CPU.ActiveCfg = Release|Any CPU
		{8CAF863C-0A82-4370-BBD1-817AB693971A}.Release|Any CPU.Build.0 = Release|Any CPU
		{53A366F3-7C3E-4F86-B0C1-7A040D65DB14}.Debug|Any CPU.ActiveCfg = Debug|Any CPU
		{53A366F3-7C3E-4F86-B0C1-7A040D65DB14}.Debug|Any CPU.Build.0 = Debug|Any CPU
		{53A366F3-7C3E-4F86-B0C1-7A040D65DB14}.Release|Any CPU.ActiveCfg = Release|Any CPU
		{53A366F3-7C3E-4F86-B0C1-7A040D65DB14}.Release|Any CPU.Build.0 = Release|Any CPU
		{E3E94F75-A9B0-4ABE-B395-5F93B0F79A0A}.Debug|Any CPU.ActiveCfg = Debug|Any CPU
		{E3E94F75-A9B0-4ABE-B395-5F93B0F79A0A}.Debug|Any CPU.Build.0 = Debug|Any CPU
		{E3E94F75-A9B0-4ABE-B395-5F93B0F79A0A}.Release|Any CPU.ActiveCfg = Release|Any CPU
		{E3E94F75-A9B0-4ABE-B395-5F93B0F79A0A}.Release|Any CPU.Build.0 = Release|Any CPU
		{12C611F3-EEB1-40BF-8021-DE8BA4F5F44A}.Debug|Any CPU.ActiveCfg = Debug|Any CPU
		{12C611F3-EEB1-40BF-8021-DE8BA4F5F44A}.Debug|Any CPU.Build.0 = Debug|Any CPU
		{12C611F3-EEB1-40BF-8021-DE8BA4F5F44A}.Release|Any CPU.ActiveCfg = Release|Any CPU
		{12C611F3-EEB1-40BF-8021-DE8BA4F5F44A}.Release|Any CPU.Build.0 = Release|Any CPU
		{CD5C3080-6A46-43B9-8258-169D7BE4556B}.Debug|Any CPU.ActiveCfg = Debug|Any CPU
		{CD5C3080-6A46-43B9-8258-169D7BE4556B}.Debug|Any CPU.Build.0 = Debug|Any CPU
		{CD5C3080-6A46-43B9-8258-169D7BE4556B}.Release|Any CPU.ActiveCfg = Release|Any CPU
		{CD5C3080-6A46-43B9-8258-169D7BE4556B}.Release|Any CPU.Build.0 = Release|Any CPU
		{42CE373F-62B0-4695-8211-23AAE81B142C}.Debug|Any CPU.ActiveCfg = Debug|Any CPU
		{42CE373F-62B0-4695-8211-23AAE81B142C}.Debug|Any CPU.Build.0 = Debug|Any CPU
		{42CE373F-62B0-4695-8211-23AAE81B142C}.Release|Any CPU.ActiveCfg = Release|Any CPU
		{42CE373F-62B0-4695-8211-23AAE81B142C}.Release|Any CPU.Build.0 = Release|Any CPU
		{819B7CC9-9E26-4D2C-9838-556193BEF3D4}.Debug|Any CPU.ActiveCfg = Debug|Any CPU
		{819B7CC9-9E26-4D2C-9838-556193BEF3D4}.Debug|Any CPU.Build.0 = Debug|Any CPU
		{819B7CC9-9E26-4D2C-9838-556193BEF3D4}.Release|Any CPU.ActiveCfg = Release|Any CPU
		{819B7CC9-9E26-4D2C-9838-556193BEF3D4}.Release|Any CPU.Build.0 = Release|Any CPU
		{7F0B47AC-0963-4E3F-BA7A-D965BF6443FE}.Debug|Any CPU.ActiveCfg = Debug|Any CPU
		{7F0B47AC-0963-4E3F-BA7A-D965BF6443FE}.Debug|Any CPU.Build.0 = Debug|Any CPU
		{7F0B47AC-0963-4E3F-BA7A-D965BF6443FE}.Release|Any CPU.ActiveCfg = Release|Any CPU
		{7F0B47AC-0963-4E3F-BA7A-D965BF6443FE}.Release|Any CPU.Build.0 = Release|Any CPU
		{29D0B45F-DA05-4CE1-9912-998744498B75}.Debug|Any CPU.ActiveCfg = Debug|Any CPU
		{29D0B45F-DA05-4CE1-9912-998744498B75}.Debug|Any CPU.Build.0 = Debug|Any CPU
		{29D0B45F-DA05-4CE1-9912-998744498B75}.Release|Any CPU.ActiveCfg = Release|Any CPU
		{29D0B45F-DA05-4CE1-9912-998744498B75}.Release|Any CPU.Build.0 = Release|Any CPU
		{353F34EF-BB4C-4591-8D82-749F5226A6CF}.Debug|Any CPU.ActiveCfg = Debug|Any CPU
		{353F34EF-BB4C-4591-8D82-749F5226A6CF}.Debug|Any CPU.Build.0 = Debug|Any CPU
		{353F34EF-BB4C-4591-8D82-749F5226A6CF}.Release|Any CPU.ActiveCfg = Release|Any CPU
		{353F34EF-BB4C-4591-8D82-749F5226A6CF}.Release|Any CPU.Build.0 = Release|Any CPU
		{477CEA3F-2B75-4742-B83C-957FE646CECF}.Debug|Any CPU.ActiveCfg = Debug|Any CPU
		{477CEA3F-2B75-4742-B83C-957FE646CECF}.Debug|Any CPU.Build.0 = Debug|Any CPU
		{477CEA3F-2B75-4742-B83C-957FE646CECF}.Release|Any CPU.ActiveCfg = Release|Any CPU
		{477CEA3F-2B75-4742-B83C-957FE646CECF}.Release|Any CPU.Build.0 = Release|Any CPU
		{50538A85-309A-4E36-BABC-E63FEE0F2684}.Debug|Any CPU.ActiveCfg = Debug|Any CPU
		{50538A85-309A-4E36-BABC-E63FEE0F2684}.Debug|Any CPU.Build.0 = Debug|Any CPU
		{50538A85-309A-4E36-BABC-E63FEE0F2684}.Release|Any CPU.ActiveCfg = Release|Any CPU
		{50538A85-309A-4E36-BABC-E63FEE0F2684}.Release|Any CPU.Build.0 = Release|Any CPU
		{3989A41E-2B4E-4B75-95CD-ACA7D33717B1}.Debug|Any CPU.ActiveCfg = Debug|Any CPU
		{3989A41E-2B4E-4B75-95CD-ACA7D33717B1}.Debug|Any CPU.Build.0 = Debug|Any CPU
		{3989A41E-2B4E-4B75-95CD-ACA7D33717B1}.Release|Any CPU.ActiveCfg = Release|Any CPU
		{3989A41E-2B4E-4B75-95CD-ACA7D33717B1}.Release|Any CPU.Build.0 = Release|Any CPU
		{15F61E04-0917-428F-9BC4-162F47B0EA9B}.Debug|Any CPU.ActiveCfg = Debug|Any CPU
		{15F61E04-0917-428F-9BC4-162F47B0EA9B}.Debug|Any CPU.Build.0 = Debug|Any CPU
		{15F61E04-0917-428F-9BC4-162F47B0EA9B}.Release|Any CPU.ActiveCfg = Release|Any CPU
		{15F61E04-0917-428F-9BC4-162F47B0EA9B}.Release|Any CPU.Build.0 = Release|Any CPU
		{6022EFEB-9C9B-4F3A-91A0-E00BD3F28099}.Debug|Any CPU.ActiveCfg = Debug|Any CPU
		{6022EFEB-9C9B-4F3A-91A0-E00BD3F28099}.Debug|Any CPU.Build.0 = Debug|Any CPU
		{6022EFEB-9C9B-4F3A-91A0-E00BD3F28099}.Release|Any CPU.ActiveCfg = Release|Any CPU
		{6022EFEB-9C9B-4F3A-91A0-E00BD3F28099}.Release|Any CPU.Build.0 = Release|Any CPU
		{D1EE5535-DDB3-4C05-9BDA-54D3BB8A6490}.Debug|Any CPU.ActiveCfg = Debug|Any CPU
		{D1EE5535-DDB3-4C05-9BDA-54D3BB8A6490}.Debug|Any CPU.Build.0 = Debug|Any CPU
		{D1EE5535-DDB3-4C05-9BDA-54D3BB8A6490}.Release|Any CPU.ActiveCfg = Release|Any CPU
		{D1EE5535-DDB3-4C05-9BDA-54D3BB8A6490}.Release|Any CPU.Build.0 = Release|Any CPU
		{9AA70712-2C40-4F99-AB2E-41122D78070E}.Debug|Any CPU.ActiveCfg = Debug|Any CPU
		{9AA70712-2C40-4F99-AB2E-41122D78070E}.Debug|Any CPU.Build.0 = Debug|Any CPU
		{9AA70712-2C40-4F99-AB2E-41122D78070E}.Release|Any CPU.ActiveCfg = Release|Any CPU
		{9AA70712-2C40-4F99-AB2E-41122D78070E}.Release|Any CPU.Build.0 = Release|Any CPU
		{8B904899-74EA-4FD9-A324-0EA5B76B21D0}.Debug|Any CPU.ActiveCfg = Debug|Any CPU
		{8B904899-74EA-4FD9-A324-0EA5B76B21D0}.Debug|Any CPU.Build.0 = Debug|Any CPU
		{8B904899-74EA-4FD9-A324-0EA5B76B21D0}.Release|Any CPU.ActiveCfg = Release|Any CPU
		{8B904899-74EA-4FD9-A324-0EA5B76B21D0}.Release|Any CPU.Build.0 = Release|Any CPU
		{1C9B0181-F682-4E28-BC2D-1A95623CC6C5}.Debug|Any CPU.ActiveCfg = Debug|Any CPU
		{1C9B0181-F682-4E28-BC2D-1A95623CC6C5}.Debug|Any CPU.Build.0 = Debug|Any CPU
		{1C9B0181-F682-4E28-BC2D-1A95623CC6C5}.Release|Any CPU.ActiveCfg = Release|Any CPU
		{1C9B0181-F682-4E28-BC2D-1A95623CC6C5}.Release|Any CPU.Build.0 = Release|Any CPU
		{8FE3BA73-1A2D-4B2D-AEA3-405AD302F2EB}.Debug|Any CPU.ActiveCfg = Debug|Any CPU
		{8FE3BA73-1A2D-4B2D-AEA3-405AD302F2EB}.Debug|Any CPU.Build.0 = Debug|Any CPU
		{8FE3BA73-1A2D-4B2D-AEA3-405AD302F2EB}.Release|Any CPU.ActiveCfg = Release|Any CPU
		{8FE3BA73-1A2D-4B2D-AEA3-405AD302F2EB}.Release|Any CPU.Build.0 = Release|Any CPU
		{9282339F-DC87-49AB-9B4A-10D9E0B38E78}.Debug|Any CPU.ActiveCfg = Debug|Any CPU
		{9282339F-DC87-49AB-9B4A-10D9E0B38E78}.Debug|Any CPU.Build.0 = Debug|Any CPU
		{9282339F-DC87-49AB-9B4A-10D9E0B38E78}.Release|Any CPU.ActiveCfg = Release|Any CPU
		{9282339F-DC87-49AB-9B4A-10D9E0B38E78}.Release|Any CPU.Build.0 = Release|Any CPU
		{B0D166B9-5C36-4A3E-8B69-2D5B81E8C7CC}.Debug|Any CPU.ActiveCfg = Debug|Any CPU
		{B0D166B9-5C36-4A3E-8B69-2D5B81E8C7CC}.Debug|Any CPU.Build.0 = Debug|Any CPU
		{B0D166B9-5C36-4A3E-8B69-2D5B81E8C7CC}.Release|Any CPU.ActiveCfg = Release|Any CPU
		{B0D166B9-5C36-4A3E-8B69-2D5B81E8C7CC}.Release|Any CPU.Build.0 = Release|Any CPU
		{E3CEFD70-D8F3-4031-AA4A-CD8B9F8A1ADA}.Debug|Any CPU.ActiveCfg = Debug|Any CPU
		{E3CEFD70-D8F3-4031-AA4A-CD8B9F8A1ADA}.Debug|Any CPU.Build.0 = Debug|Any CPU
		{E3CEFD70-D8F3-4031-AA4A-CD8B9F8A1ADA}.Release|Any CPU.ActiveCfg = Release|Any CPU
		{E3CEFD70-D8F3-4031-AA4A-CD8B9F8A1ADA}.Release|Any CPU.Build.0 = Release|Any CPU
		{7492A57F-C0B5-4B6E-A9CB-4A3BB3B7B80B}.Debug|Any CPU.ActiveCfg = Debug|Any CPU
		{7492A57F-C0B5-4B6E-A9CB-4A3BB3B7B80B}.Debug|Any CPU.Build.0 = Debug|Any CPU
		{7492A57F-C0B5-4B6E-A9CB-4A3BB3B7B80B}.Release|Any CPU.ActiveCfg = Release|Any CPU
		{7492A57F-C0B5-4B6E-A9CB-4A3BB3B7B80B}.Release|Any CPU.Build.0 = Release|Any CPU
		{D699E928-6D5C-46B3-9266-4FF39F2F7A6C}.Debug|Any CPU.ActiveCfg = Debug|Any CPU
		{D699E928-6D5C-46B3-9266-4FF39F2F7A6C}.Debug|Any CPU.Build.0 = Debug|Any CPU
		{D699E928-6D5C-46B3-9266-4FF39F2F7A6C}.Release|Any CPU.ActiveCfg = Release|Any CPU
		{D699E928-6D5C-46B3-9266-4FF39F2F7A6C}.Release|Any CPU.Build.0 = Release|Any CPU
		{B66A77F4-6178-49CA-81A5-A7973FE6245F}.Debug|Any CPU.ActiveCfg = Debug|Any CPU
		{B66A77F4-6178-49CA-81A5-A7973FE6245F}.Debug|Any CPU.Build.0 = Debug|Any CPU
		{B66A77F4-6178-49CA-81A5-A7973FE6245F}.Release|Any CPU.ActiveCfg = Release|Any CPU
		{B66A77F4-6178-49CA-81A5-A7973FE6245F}.Release|Any CPU.Build.0 = Release|Any CPU
		{0FD1F3F1-A249-420B-9C03-E158856E5042}.Debug|Any CPU.ActiveCfg = Debug|Any CPU
		{0FD1F3F1-A249-420B-9C03-E158856E5042}.Debug|Any CPU.Build.0 = Debug|Any CPU
		{0FD1F3F1-A249-420B-9C03-E158856E5042}.Release|Any CPU.ActiveCfg = Release|Any CPU
		{0FD1F3F1-A249-420B-9C03-E158856E5042}.Release|Any CPU.Build.0 = Release|Any CPU
		{36D9F7BF-6FA5-4C98-B997-4EDC7DD65564}.Debug|Any CPU.ActiveCfg = Debug|Any CPU
		{36D9F7BF-6FA5-4C98-B997-4EDC7DD65564}.Debug|Any CPU.Build.0 = Debug|Any CPU
		{36D9F7BF-6FA5-4C98-B997-4EDC7DD65564}.Release|Any CPU.ActiveCfg = Release|Any CPU
		{36D9F7BF-6FA5-4C98-B997-4EDC7DD65564}.Release|Any CPU.Build.0 = Release|Any CPU
		{A2BB8DCF-4FE0-4673-AB19-3FAC54CF728C}.Debug|Any CPU.ActiveCfg = Debug|Any CPU
		{A2BB8DCF-4FE0-4673-AB19-3FAC54CF728C}.Debug|Any CPU.Build.0 = Debug|Any CPU
		{A2BB8DCF-4FE0-4673-AB19-3FAC54CF728C}.Release|Any CPU.ActiveCfg = Release|Any CPU
		{A2BB8DCF-4FE0-4673-AB19-3FAC54CF728C}.Release|Any CPU.Build.0 = Release|Any CPU
		{87A1F9CD-7AE0-4B73-BD6D-9475FC15794C}.Debug|Any CPU.ActiveCfg = Debug|Any CPU
		{87A1F9CD-7AE0-4B73-BD6D-9475FC15794C}.Debug|Any CPU.Build.0 = Debug|Any CPU
		{87A1F9CD-7AE0-4B73-BD6D-9475FC15794C}.Release|Any CPU.ActiveCfg = Release|Any CPU
		{87A1F9CD-7AE0-4B73-BD6D-9475FC15794C}.Release|Any CPU.Build.0 = Release|Any CPU
		{F82C68DB-E009-4097-A8A5-3A303B421B68}.Debug|Any CPU.ActiveCfg = Debug|Any CPU
		{F82C68DB-E009-4097-A8A5-3A303B421B68}.Debug|Any CPU.Build.0 = Debug|Any CPU
		{F82C68DB-E009-4097-A8A5-3A303B421B68}.Release|Any CPU.ActiveCfg = Release|Any CPU
		{F82C68DB-E009-4097-A8A5-3A303B421B68}.Release|Any CPU.Build.0 = Release|Any CPU
		{2F216A47-2008-410D-97DB-5BFC40104C9A}.Debug|Any CPU.ActiveCfg = Debug|Any CPU
		{2F216A47-2008-410D-97DB-5BFC40104C9A}.Debug|Any CPU.Build.0 = Debug|Any CPU
		{2F216A47-2008-410D-97DB-5BFC40104C9A}.Release|Any CPU.ActiveCfg = Release|Any CPU
		{2F216A47-2008-410D-97DB-5BFC40104C9A}.Release|Any CPU.Build.0 = Release|Any CPU
	EndGlobalSection
	GlobalSection(SolutionProperties) = preSolution
		HideSolutionNode = FALSE
	EndGlobalSection
	GlobalSection(NestedProjects) = preSolution
		{F28E1741-BA2C-491B-96B3-BBA8F56C4030} = {74EA5A00-7741-49F6-9EE2-C940C6DA53DB}
		{72C615C5-4FC9-4629-96D9-142EBEDB6C84} = {F28E1741-BA2C-491B-96B3-BBA8F56C4030}
		{428686FA-902D-4266-B450-9A202D0C002E} = {F28E1741-BA2C-491B-96B3-BBA8F56C4030}
		{F527C872-334D-48F5-92BA-D0B5697B4A9A} = {74EA5A00-7741-49F6-9EE2-C940C6DA53DB}
		{15822CA9-7384-4121-9AA8-FBC9DD54D701} = {F527C872-334D-48F5-92BA-D0B5697B4A9A}
		{E0A80117-33DE-4DCC-A9D5-4B8657AA81B8} = {74EA5A00-7741-49F6-9EE2-C940C6DA53DB}
		{4EA6C3E8-89F3-4054-8A50-93E48A88FF12} = {E0A80117-33DE-4DCC-A9D5-4B8657AA81B8}
		{85755665-1EE2-42E2-A692-78680149E81D} = {74EA5A00-7741-49F6-9EE2-C940C6DA53DB}
		{88D31EE3-F61B-4EFE-908C-E8DCF2802F8D} = {85755665-1EE2-42E2-A692-78680149E81D}
		{6E48D74C-C4F1-4EE3-B6B6-EDF4CA7CE799} = {74EA5A00-7741-49F6-9EE2-C940C6DA53DB}
		{1CAE7953-7982-4A3D-8D4A-3A8254EFC8AC} = {6E48D74C-C4F1-4EE3-B6B6-EDF4CA7CE799}
		{ADC19BA8-1C26-4AC0-B9AE-C4366A3B072D} = {74EA5A00-7741-49F6-9EE2-C940C6DA53DB}
		{8CAF863C-0A82-4370-BBD1-817AB693971A} = {ADC19BA8-1C26-4AC0-B9AE-C4366A3B072D}
		{53A366F3-7C3E-4F86-B0C1-7A040D65DB14} = {ADC19BA8-1C26-4AC0-B9AE-C4366A3B072D}
		{E3E94F75-A9B0-4ABE-B395-5F93B0F79A0A} = {ADC19BA8-1C26-4AC0-B9AE-C4366A3B072D}
		{C19D84C2-5E0A-4891-9198-73BC4CA24D35} = {74EA5A00-7741-49F6-9EE2-C940C6DA53DB}
		{12C611F3-EEB1-40BF-8021-DE8BA4F5F44A} = {C19D84C2-5E0A-4891-9198-73BC4CA24D35}
		{CD5C3080-6A46-43B9-8258-169D7BE4556B} = {C19D84C2-5E0A-4891-9198-73BC4CA24D35}
		{DC47AAC9-0422-4D43-84FF-C541BBBAD2AD} = {74EA5A00-7741-49F6-9EE2-C940C6DA53DB}
		{42CE373F-62B0-4695-8211-23AAE81B142C} = {DC47AAC9-0422-4D43-84FF-C541BBBAD2AD}
		{819B7CC9-9E26-4D2C-9838-556193BEF3D4} = {DC47AAC9-0422-4D43-84FF-C541BBBAD2AD}
		{7F0B47AC-0963-4E3F-BA7A-D965BF6443FE} = {DC47AAC9-0422-4D43-84FF-C541BBBAD2AD}
		{356BA376-F389-4A14-871F-2C78B637D613} = {DC47AAC9-0422-4D43-84FF-C541BBBAD2AD}
		{29D0B45F-DA05-4CE1-9912-998744498B75} = {356BA376-F389-4A14-871F-2C78B637D613}
		{353F34EF-BB4C-4591-8D82-749F5226A6CF} = {DC47AAC9-0422-4D43-84FF-C541BBBAD2AD}
		{E8BFAEC8-CF83-429F-A54C-5DEDFE0A9107} = {74EA5A00-7741-49F6-9EE2-C940C6DA53DB}
		{477CEA3F-2B75-4742-B83C-957FE646CECF} = {E8BFAEC8-CF83-429F-A54C-5DEDFE0A9107}
		{9F6E15FE-49F1-4EEC-8976-B8E1B068B7D6} = {74EA5A00-7741-49F6-9EE2-C940C6DA53DB}
		{50538A85-309A-4E36-BABC-E63FEE0F2684} = {9F6E15FE-49F1-4EEC-8976-B8E1B068B7D6}
		{57DF5D66-5BED-4995-938E-09A9F9753B75} = {74EA5A00-7741-49F6-9EE2-C940C6DA53DB}
		{3989A41E-2B4E-4B75-95CD-ACA7D33717B1} = {57DF5D66-5BED-4995-938E-09A9F9753B75}
		{FC72D165-148A-4B99-A29C-F452D835355A} = {74EA5A00-7741-49F6-9EE2-C940C6DA53DB}
		{35989E0A-DBC1-4C3C-BE10-C60C1DA2F1A3} = {74EA5A00-7741-49F6-9EE2-C940C6DA53DB}
		{C1D022C1-AA7C-4076-BDA2-C2CF945BCF7C} = {74EA5A00-7741-49F6-9EE2-C940C6DA53DB}
		{15F61E04-0917-428F-9BC4-162F47B0EA9B} = {FC72D165-148A-4B99-A29C-F452D835355A}
		{6022EFEB-9C9B-4F3A-91A0-E00BD3F28099} = {FC72D165-148A-4B99-A29C-F452D835355A}
		{D1EE5535-DDB3-4C05-9BDA-54D3BB8A6490} = {FC72D165-148A-4B99-A29C-F452D835355A}
		{9AA70712-2C40-4F99-AB2E-41122D78070E} = {35989E0A-DBC1-4C3C-BE10-C60C1DA2F1A3}
		{8B904899-74EA-4FD9-A324-0EA5B76B21D0} = {35989E0A-DBC1-4C3C-BE10-C60C1DA2F1A3}
		{1C9B0181-F682-4E28-BC2D-1A95623CC6C5} = {35989E0A-DBC1-4C3C-BE10-C60C1DA2F1A3}
		{8FE3BA73-1A2D-4B2D-AEA3-405AD302F2EB} = {06F04FAE-2C13-41D5-B058-57974A20B6CE}
		{9282339F-DC87-49AB-9B4A-10D9E0B38E78} = {C1D022C1-AA7C-4076-BDA2-C2CF945BCF7C}
		{B0D166B9-5C36-4A3E-8B69-2D5B81E8C7CC} = {06F04FAE-2C13-41D5-B058-57974A20B6CE}
		{E3CEFD70-D8F3-4031-AA4A-CD8B9F8A1ADA} = {C1D022C1-AA7C-4076-BDA2-C2CF945BCF7C}
		{7492A57F-C0B5-4B6E-A9CB-4A3BB3B7B80B} = {C1D022C1-AA7C-4076-BDA2-C2CF945BCF7C}
		{D699E928-6D5C-46B3-9266-4FF39F2F7A6C} = {06F04FAE-2C13-41D5-B058-57974A20B6CE}
		{B66A77F4-6178-49CA-81A5-A7973FE6245F} = {C1D022C1-AA7C-4076-BDA2-C2CF945BCF7C}
		{0FD1F3F1-A249-420B-9C03-E158856E5042} = {06F04FAE-2C13-41D5-B058-57974A20B6CE}
		{36D9F7BF-6FA5-4C98-B997-4EDC7DD65564} = {C1D022C1-AA7C-4076-BDA2-C2CF945BCF7C}
		{A2BB8DCF-4FE0-4673-AB19-3FAC54CF728C} = {06F04FAE-2C13-41D5-B058-57974A20B6CE}
		{06F04FAE-2C13-41D5-B058-57974A20B6CE} = {C1D022C1-AA7C-4076-BDA2-C2CF945BCF7C}
		{FE2E5F6B-CE18-42B9-A822-1CF84782DE62} = {74EA5A00-7741-49F6-9EE2-C940C6DA53DB}
		{87A1F9CD-7AE0-4B73-BD6D-9475FC15794C} = {FE2E5F6B-CE18-42B9-A822-1CF84782DE62}
		{5B4D2C7C-CF4F-4E81-80B1-F2A79045A53E} = {74EA5A00-7741-49F6-9EE2-C940C6DA53DB}
		{F82C68DB-E009-4097-A8A5-3A303B421B68} = {5B4D2C7C-CF4F-4E81-80B1-F2A79045A53E}
		{9184DC48-C5AA-437D-8894-DEFB9FE4235C} = {74EA5A00-7741-49F6-9EE2-C940C6DA53DB}
		{2F216A47-2008-410D-97DB-5BFC40104C9A} = {9184DC48-C5AA-437D-8894-DEFB9FE4235C}
	EndGlobalSection
EndGlobal
